
Microsoft Visual Studio Solution File, Format Version 12.00
# Visual Studio Version 17
VisualStudioVersion = 17.10.35027.167
MinimumVisualStudioVersion = 10.0.40219.1
Project("{888888A0-9F3D-457C-B088-3A5042F75D52}") = "recipe_generator", "openai_project\recipe_generator.pyproj", "{3458F2C2-694A-4045-8398-17B7635EA241}"
EndProject
Global
	GlobalSection(SolutionConfigurationPlatforms) = preSolution
		Debug|Any CPU = Debug|Any CPU
		Release|Any CPU = Release|Any CPU
	EndGlobalSection
	GlobalSection(ProjectConfigurationPlatforms) = postSolution
		{3458F2C2-694A-4045-8398-17B7635EA241}.Debug|Any CPU.ActiveCfg = Debug|Any CPU
		{3458F2C2-694A-4045-8398-17B7635EA241}.Release|Any CPU.ActiveCfg = Release|Any CPU
	EndGlobalSection
	GlobalSection(SolutionProperties) = preSolution
		HideSolutionNode = FALSE
	EndGlobalSection
	GlobalSection(ExtensibilityGlobals) = postSolution
		SolutionGuid = {C9704168-F25F-4E43-9277-C611956D2ED3}
	EndGlobalSection
EndGlobal
